
Microsoft Visual Studio Solution File, Format Version 12.00
# Visual Studio 15
VisualStudioVersion = 15.0.26228.9
MinimumVisualStudioVersion = 10.0.40219.1
Project("{8BC9CEB8-8B4A-11D0-8D11-00A0C91BC942}") = "duilib", "src\duilib.vcxproj", "{705ECB6A-FE70-471E-A446-CEBE799491D9}"
EndProject
Global
	GlobalSection(SolutionConfigurationPlatforms) = preSolution
		Debug_Lib|x64 = Debug_Lib|x64
		Debug_Lib|x86 = Debug_Lib|x86
		Debug_MT_Lib|x64 = Debug_MT_Lib|x64
		Debug_MT_Lib|x86 = Debug_MT_Lib|x86
		Debug|x64 = Debug|x64
		Debug|x86 = Debug|x86
		Release_Lib|x64 = Release_Lib|x64
		Release_Lib|x86 = Release_Lib|x86
		Release_MT_Lib|x64 = Release_MT_Lib|x64
		Release_MT_Lib|x86 = Release_MT_Lib|x86
		Release|x64 = Release|x64
		Release|x86 = Release|x86
	EndGlobalSection
	GlobalSection(ProjectConfigurationPlatforms) = postSolution
		{705ECB6A-FE70-471E-A446-CEBE799491D9}.Debug_Lib|x64.ActiveCfg = Debug_Lib|x64
		{705ECB6A-FE70-471E-A446-CEBE799491D9}.Debug_Lib|x64.Build.0 = Debug_Lib|x64
		{705ECB6A-FE70-471E-A446-CEBE799491D9}.Debug_Lib|x86.ActiveCfg = Debug_Lib|Win32
		{705ECB6A-FE70-471E-A446-CEBE799491D9}.Debug_Lib|x86.Build.0 = Debug_Lib|Win32
		{705ECB6A-FE70-471E-A446-CEBE799491D9}.Debug_MT_Lib|x64.ActiveCfg = Debug_MT_Lib|x64
		{705ECB6A-FE70-471E-A446-CEBE799491D9}.Debug_MT_Lib|x64.Build.0 = Debug_MT_Lib|x64
		{705ECB6A-FE70-471E-A446-CEBE799491D9}.Debug_MT_Lib|x86.ActiveCfg = Debug_MT_Lib|Win32
		{705ECB6A-FE70-471E-A446-CEBE799491D9}.Debug_MT_Lib|x86.Build.0 = Debug_MT_Lib|Win32
		{705ECB6A-FE70-471E-A446-CEBE799491D9}.Debug|x64.ActiveCfg = Debug|x64
		{705ECB6A-FE70-471E-A446-CEBE799491D9}.Debug|x64.Build.0 = Debug|x64
		{705ECB6A-FE70-471E-A446-CEBE799491D9}.Debug|x86.ActiveCfg = Debug|Win32
		{705ECB6A-FE70-471E-A446-CEBE799491D9}.Debug|x86.Build.0 = Debug|Win32
		{705ECB6A-FE70-471E-A446-CEBE799491D9}.Release_Lib|x64.ActiveCfg = Release_Lib|x64
		{705ECB6A-FE70-471E-A446-CEBE799491D9}.Release_Lib|x64.Build.0 = Release_Lib|x64
		{705ECB6A-FE70-471E-A446-CEBE799491D9}.Release_Lib|x86.ActiveCfg = Release_Lib|Win32
		{705ECB6A-FE70-471E-A446-CEBE799491D9}.Release_Lib|x86.Build.0 = Release_Lib|Win32
		{705ECB6A-FE70-471E-A446-CEBE799491D9}.Release_MT_Lib|x64.ActiveCfg = Release_MT_Lib|x64
		{705ECB6A-FE70-471E-A446-CEBE799491D9}.Release_MT_Lib|x64.Build.0 = Release_MT_Lib|x64
		{705ECB6A-FE70-471E-A446-CEBE799491D9}.Release_MT_Lib|x86.ActiveCfg = Release_MT_Lib|Win32
		{705ECB6A-FE70-471E-A446-CEBE799491D9}.Release_MT_Lib|x86.Build.0 = Release_MT_Lib|Win32
		{705ECB6A-FE70-471E-A446-CEBE799491D9}.Release|x64.ActiveCfg = Release|x64
		{705ECB6A-FE70-471E-A446-CEBE799491D9}.Release|x64.Build.0 = Release|x64
		{705ECB6A-FE70-471E-A446-CEBE799491D9}.Release|x86.ActiveCfg = Release|Win32
		{705ECB6A-FE70-471E-A446-CEBE799491D9}.Release|x86.Build.0 = Release|Win32
	EndGlobalSection
	GlobalSection(SolutionProperties) = preSolution
		HideSolutionNode = FALSE
	EndGlobalSection
EndGlobal
